{
  "name": "pathik",
  "lockfileVersion": 3,
  "requires": true,
  "packages": {
    "": {
      "dependencies": {
        "pathik": "^0.2.0"
      }
    },
    "node_modules/commander": {
      "version": "11.1.0",
      "resolved": "https://registry.npmjs.org/commander/-/commander-11.1.0.tgz",
      "integrity": "sha512-yPVavfyCcRhmorC7rWlkHn15b4wDVgVmBA7kV4QVBsF7kv/9TKJAbAXVTxvTnwP8HHKjRCJDClKbciiYS7p0DQ==",
      "license": "MIT",
      "engines": {
        "node": ">=16"
      }
    },
    "node_modules/pathik": {
      "version": "0.2.0",
      "resolved": "https://registry.npmjs.org/pathik/-/pathik-0.2.0.tgz",
      "integrity": "sha512-hNZ7XvrphFsRhGPl+hPGEZj6hRmQwSfL6Ox6k8c3rykOuw/canPRoC9FMIc3WvwlxuBBcrAtyzzMrvW5m1BTTg==",
      "hasInstallScript": true,
      "license": "Apache-2.0",
      "dependencies": {
        "commander": "^11.1.0",
        "uuid": "^9.0.1"
      },
      "bin": {
        "pathik": "bin/pathik-cli.js"
      },
      "engines": {
        "node": ">=14.0.0"
      }
    },
    "node_modules/uuid": {
      "version": "9.0.1",
      "resolved": "https://registry.npmjs.org/uuid/-/uuid-9.0.1.tgz",
      "integrity": "sha512-b+1eJOlsR9K8HJpow9Ok3fiWOWSIcIzXodvv0rQjVoOVNpWMpxf1wZNpt4y9h10odCNrqnYp1OBzRktckBe3sA==",
      "funding": [
        "https://github.com/sponsors/broofa",
        "https://github.com/sponsors/ctavan"
      ],
      "license": "MIT",
      "bin": {
        "uuid": "dist/bin/uuid"
      }
    }
  }
}
